
Microsoft Visual Studio Solution File, Format Version 12.00
# Visual Studio 15
VisualStudioVersion = 15.0.26730.16
MinimumVisualStudioVersion = 10.0.40219.1
Project("{8BC9CEB8-8B4A-11D0-8D11-00A0C91BC942}") = "3.5", "3.5\3.5.vcxproj", "{EF4FDE32-1910-46D7-AF8F-E1D3325E9A3E}"
EndProject
Global
	GlobalSection(SolutionConfigurationPlatforms) = preSolution
		Debug|x64 = Debug|x64
		Debug|x86 = Debug|x86
		Release|x64 = Release|x64
		Release|x86 = Release|x86
	EndGlobalSection
	GlobalSection(ProjectConfigurationPlatforms) = postSolution
		{EF4FDE32-1910-46D7-AF8F-E1D3325E9A3E}.Debug|x64.ActiveCfg = Debug|x64
		{EF4FDE32-1910-46D7-AF8F-E1D3325E9A3E}.Debug|x64.Build.0 = Debug|x64
		{EF4FDE32-1910-46D7-AF8F-E1D3325E9A3E}.Debug|x86.ActiveCfg = Debug|Win32
		{EF4FDE32-1910-46D7-AF8F-E1D3325E9A3E}.Debug|x86.Build.0 = Debug|Win32
		{EF4FDE32-1910-46D7-AF8F-E1D3325E9A3E}.Release|x64.ActiveCfg = Release|x64
		{EF4FDE32-1910-46D7-AF8F-E1D3325E9A3E}.Release|x64.Build.0 = Release|x64
		{EF4FDE32-1910-46D7-AF8F-E1D3325E9A3E}.Release|x86.ActiveCfg = Release|Win32
		{EF4FDE32-1910-46D7-AF8F-E1D3325E9A3E}.Release|x86.Build.0 = Release|Win32
	EndGlobalSection
	GlobalSection(SolutionProperties) = preSolution
		HideSolutionNode = FALSE
	EndGlobalSection
	GlobalSection(ExtensibilityGlobals) = postSolution
		SolutionGuid = {B5ECEFD2-2B31-4E16-94B2-412DCC923842}
	EndGlobalSection
EndGlobal
